
Microsoft Visual Studio Solution File, Format Version 12.00
# Visual Studio Version 16
VisualStudioVersion = 16.0.36631.11
MinimumVisualStudioVersion = 10.0.40219.1
Project("{FAE04EC0-301F-11D3-BF4B-00C04F79EFBC}") = "ToyProject", "ToyProject\ToyProject.csproj", "{1FBF22B9-0DE5-4EA6-9D92-E5FC2A0D7D3B}"
EndProject
Global
	GlobalSection(SolutionConfigurationPlatforms) = preSolution
		Debug|Any CPU = Debug|Any CPU
		MemoryDebug|Any CPU = MemoryDebug|Any CPU
		Release|Any CPU = Release|Any CPU
	EndGlobalSection
	GlobalSection(ProjectConfigurationPlatforms) = postSolution
		{1FBF22B9-0DE5-4EA6-9D92-E5FC2A0D7D3B}.Debug|Any CPU.ActiveCfg = Debug|Any CPU
		{1FBF22B9-0DE5-4EA6-9D92-E5FC2A0D7D3B}.Debug|Any CPU.Build.0 = Debug|Any CPU
		{1FBF22B9-0DE5-4EA6-9D92-E5FC2A0D7D3B}.MemoryDebug|Any CPU.ActiveCfg = Debug|Any CPU
		{1FBF22B9-0DE5-4EA6-9D92-E5FC2A0D7D3B}.MemoryDebug|Any CPU.Build.0 = Debug|Any CPU
		{1FBF22B9-0DE5-4EA6-9D92-E5FC2A0D7D3B}.Release|Any CPU.ActiveCfg = Release|Any CPU
		{1FBF22B9-0DE5-4EA6-9D92-E5FC2A0D7D3B}.Release|Any CPU.Build.0 = Release|Any CPU
	EndGlobalSection
	GlobalSection(SolutionProperties) = preSolution
		HideSolutionNode = FALSE
	EndGlobalSection
	GlobalSection(ExtensibilityGlobals) = postSolution
		SolutionGuid = {B8F28711-D856-422E-9A31-0F8D5F671C70}
	EndGlobalSection
EndGlobal
